
Microsoft Visual Studio Solution File, Format Version 12.00
# Visual Studio 15
Project("{FAE04EC0-301F-11D3-BF4B-00C04F79EFBC}") = "ARCore Image Track", "Assembly-CSharp.csproj", "{7968C957-0890-64BE-7CBB-E2453E8E5B40}"
EndProject
Project("{FAE04EC0-301F-11D3-BF4B-00C04F79EFBC}") = "ARCore Image Track", "Assembly-CSharp-Editor.csproj", "{251C2D22-200C-E137-457A-9BF6EB97BA71}"
EndProject
Global
	GlobalSection(SolutionConfigurationPlatforms) = preSolution
		Debug|Any CPU = Debug|Any CPU
		Release|Any CPU = Release|Any CPU
	EndGlobalSection
	GlobalSection(ProjectConfigurationPlatforms) = postSolution
		{7968C957-0890-64BE-7CBB-E2453E8E5B40}.Debug|Any CPU.ActiveCfg = Debug|Any CPU
		{7968C957-0890-64BE-7CBB-E2453E8E5B40}.Debug|Any CPU.Build.0 = Debug|Any CPU
		{7968C957-0890-64BE-7CBB-E2453E8E5B40}.Release|Any CPU.ActiveCfg = Release|Any CPU
		{7968C957-0890-64BE-7CBB-E2453E8E5B40}.Release|Any CPU.Build.0 = Release|Any CPU
		{251C2D22-200C-E137-457A-9BF6EB97BA71}.Debug|Any CPU.ActiveCfg = Debug|Any CPU
		{251C2D22-200C-E137-457A-9BF6EB97BA71}.Debug|Any CPU.Build.0 = Debug|Any CPU
		{251C2D22-200C-E137-457A-9BF6EB97BA71}.Release|Any CPU.ActiveCfg = Release|Any CPU
		{251C2D22-200C-E137-457A-9BF6EB97BA71}.Release|Any CPU.Build.0 = Release|Any CPU
	EndGlobalSection
	GlobalSection(SolutionProperties) = preSolution
		HideSolutionNode = FALSE
	EndGlobalSection
EndGlobal
